
Microsoft Visual Studio Solution File, Format Version 12.00
# Visual Studio Version 17
VisualStudioVersion = 17.11.35312.102
MinimumVisualStudioVersion = 10.0.40219.1
Project("{FAE04EC0-301F-11D3-BF4B-00C04F79EFBC}") = "Practical_task_5_example_8", "Practical_task_5_example_8.csproj", "{1B27B55C-C221-42FE-A9D2-7ED8FF542948}"
EndProject
Global
	GlobalSection(SolutionConfigurationPlatforms) = preSolution
		Debug|Any CPU = Debug|Any CPU
		Release|Any CPU = Release|Any CPU
	EndGlobalSection
	GlobalSection(ProjectConfigurationPlatforms) = postSolution
		{1B27B55C-C221-42FE-A9D2-7ED8FF542948}.Debug|Any CPU.ActiveCfg = Debug|Any CPU
		{1B27B55C-C221-42FE-A9D2-7ED8FF542948}.Debug|Any CPU.Build.0 = Debug|Any CPU
		{1B27B55C-C221-42FE-A9D2-7ED8FF542948}.Release|Any CPU.ActiveCfg = Release|Any CPU
		{1B27B55C-C221-42FE-A9D2-7ED8FF542948}.Release|Any CPU.Build.0 = Release|Any CPU
	EndGlobalSection
	GlobalSection(SolutionProperties) = preSolution
		HideSolutionNode = FALSE
	EndGlobalSection
	GlobalSection(ExtensibilityGlobals) = postSolution
		SolutionGuid = {7AD206D7-B97E-4C1C-AD56-3E444BF0BC7C}
	EndGlobalSection
EndGlobal
